
Microsoft Visual Studio Solution File, Format Version 12.00
# Visual Studio 15
VisualStudioVersion = 15.0.28010.2046
MinimumVisualStudioVersion = 10.0.40219.1
Project("{8BC9CEB8-8B4A-11D0-8D11-00A0C91BC942}") = "eremenko", "eremenko\eremenko.vcxproj", "{61FBACC2-45DA-49BE-AF0B-77D5097D82C5}"
EndProject
Global
	GlobalSection(SolutionConfigurationPlatforms) = preSolution
		Debug|x64 = Debug|x64
		Debug|x86 = Debug|x86
		Release|x64 = Release|x64
		Release|x86 = Release|x86
	EndGlobalSection
	GlobalSection(ProjectConfigurationPlatforms) = postSolution
		{61FBACC2-45DA-49BE-AF0B-77D5097D82C5}.Debug|x64.ActiveCfg = Debug|x64
		{61FBACC2-45DA-49BE-AF0B-77D5097D82C5}.Debug|x64.Build.0 = Debug|x64
		{61FBACC2-45DA-49BE-AF0B-77D5097D82C5}.Debug|x86.ActiveCfg = Debug|Win32
		{61FBACC2-45DA-49BE-AF0B-77D5097D82C5}.Debug|x86.Build.0 = Debug|Win32
		{61FBACC2-45DA-49BE-AF0B-77D5097D82C5}.Release|x64.ActiveCfg = Release|x64
		{61FBACC2-45DA-49BE-AF0B-77D5097D82C5}.Release|x64.Build.0 = Release|x64
		{61FBACC2-45DA-49BE-AF0B-77D5097D82C5}.Release|x86.ActiveCfg = Release|Win32
		{61FBACC2-45DA-49BE-AF0B-77D5097D82C5}.Release|x86.Build.0 = Release|Win32
	EndGlobalSection
	GlobalSection(SolutionProperties) = preSolution
		HideSolutionNode = FALSE
	EndGlobalSection
	GlobalSection(ExtensibilityGlobals) = postSolution
		SolutionGuid = {E25961D0-BFFE-466A-9236-039DAADA883C}
	EndGlobalSection
EndGlobal
